
Microsoft Visual Studio Solution File, Format Version 12.00
# Visual Studio Version 17
VisualStudioVersion = 17.0.32014.148
MinimumVisualStudioVersion = 10.0.40219.1
Project("{FAE04EC0-301F-11D3-BF4B-00C04F79EFBC}") = "SunIsShining", "SunIsShining.csproj", "{36B368F4-2AD8-4721-A3EB-5AD3136300A6}"
EndProject
Global
	GlobalSection(SolutionConfigurationPlatforms) = preSolution
		Debug|Any CPU = Debug|Any CPU
		Release|Any CPU = Release|Any CPU
	EndGlobalSection
	GlobalSection(ProjectConfigurationPlatforms) = postSolution
		{36B368F4-2AD8-4721-A3EB-5AD3136300A6}.Debug|Any CPU.ActiveCfg = Debug|Any CPU
		{36B368F4-2AD8-4721-A3EB-5AD3136300A6}.Debug|Any CPU.Build.0 = Debug|Any CPU
		{36B368F4-2AD8-4721-A3EB-5AD3136300A6}.Release|Any CPU.ActiveCfg = Release|Any CPU
		{36B368F4-2AD8-4721-A3EB-5AD3136300A6}.Release|Any CPU.Build.0 = Release|Any CPU
	EndGlobalSection
	GlobalSection(SolutionProperties) = preSolution
		HideSolutionNode = FALSE
	EndGlobalSection
	GlobalSection(ExtensibilityGlobals) = postSolution
		SolutionGuid = {A2B545F7-C814-4EDA-914E-2BB0C5B2F32E}
	EndGlobalSection
EndGlobal
