
Microsoft Visual Studio Solution File, Format Version 12.00
# Visual Studio Version 17
VisualStudioVersion = 17.0.32014.148
MinimumVisualStudioVersion = 10.0.40219.1
Project("{FAE04EC0-301F-11D3-BF4B-00C04F79EFBC}") = "LearningTryAndCatch", "LearningTryAndCatch.csproj", "{88824F06-D450-4859-BFA0-18BE2FAA2EAF}"
EndProject
Global
	GlobalSection(SolutionConfigurationPlatforms) = preSolution
		Debug|Any CPU = Debug|Any CPU
		Release|Any CPU = Release|Any CPU
	EndGlobalSection
	GlobalSection(ProjectConfigurationPlatforms) = postSolution
		{88824F06-D450-4859-BFA0-18BE2FAA2EAF}.Debug|Any CPU.ActiveCfg = Debug|Any CPU
		{88824F06-D450-4859-BFA0-18BE2FAA2EAF}.Debug|Any CPU.Build.0 = Debug|Any CPU
		{88824F06-D450-4859-BFA0-18BE2FAA2EAF}.Release|Any CPU.ActiveCfg = Release|Any CPU
		{88824F06-D450-4859-BFA0-18BE2FAA2EAF}.Release|Any CPU.Build.0 = Release|Any CPU
	EndGlobalSection
	GlobalSection(SolutionProperties) = preSolution
		HideSolutionNode = FALSE
	EndGlobalSection
	GlobalSection(ExtensibilityGlobals) = postSolution
		SolutionGuid = {F73FFD68-61C7-43A2-998C-A37190972C9E}
	EndGlobalSection
EndGlobal
