
Microsoft Visual Studio Solution File, Format Version 12.00
# Visual Studio Version 17
VisualStudioVersion = 17.0.32014.148
MinimumVisualStudioVersion = 10.0.40219.1
Project("{FAE04EC0-301F-11D3-BF4B-00C04F79EFBC}") = "AbstractClassApp", "AbstractClassApp.csproj", "{F3380492-AD1D-4041-8592-35554ECB5971}"
EndProject
Global
	GlobalSection(SolutionConfigurationPlatforms) = preSolution
		Debug|Any CPU = Debug|Any CPU
		Release|Any CPU = Release|Any CPU
	EndGlobalSection
	GlobalSection(ProjectConfigurationPlatforms) = postSolution
		{F3380492-AD1D-4041-8592-35554ECB5971}.Debug|Any CPU.ActiveCfg = Debug|Any CPU
		{F3380492-AD1D-4041-8592-35554ECB5971}.Debug|Any CPU.Build.0 = Debug|Any CPU
		{F3380492-AD1D-4041-8592-35554ECB5971}.Release|Any CPU.ActiveCfg = Release|Any CPU
		{F3380492-AD1D-4041-8592-35554ECB5971}.Release|Any CPU.Build.0 = Release|Any CPU
	EndGlobalSection
	GlobalSection(SolutionProperties) = preSolution
		HideSolutionNode = FALSE
	EndGlobalSection
	GlobalSection(ExtensibilityGlobals) = postSolution
		SolutionGuid = {6DF183F3-7603-44CA-8518-95ED1BAC80E4}
	EndGlobalSection
EndGlobal
