
Microsoft Visual Studio Solution File, Format Version 12.00
# Visual Studio Version 17
VisualStudioVersion = 17.0.32014.148
MinimumVisualStudioVersion = 10.0.40219.1
Project("{FAE04EC0-301F-11D3-BF4B-00C04F79EFBC}") = "HelloWorld", "HelloWorld.csproj", "{AB2B2935-A596-4F4E-8063-8C0F0001721C}"
EndProject
Global
	GlobalSection(SolutionConfigurationPlatforms) = preSolution
		Debug|Any CPU = Debug|Any CPU
		Release|Any CPU = Release|Any CPU
	EndGlobalSection
	GlobalSection(ProjectConfigurationPlatforms) = postSolution
		{AB2B2935-A596-4F4E-8063-8C0F0001721C}.Debug|Any CPU.ActiveCfg = Debug|Any CPU
		{AB2B2935-A596-4F4E-8063-8C0F0001721C}.Debug|Any CPU.Build.0 = Debug|Any CPU
		{AB2B2935-A596-4F4E-8063-8C0F0001721C}.Release|Any CPU.ActiveCfg = Release|Any CPU
		{AB2B2935-A596-4F4E-8063-8C0F0001721C}.Release|Any CPU.Build.0 = Release|Any CPU
	EndGlobalSection
	GlobalSection(SolutionProperties) = preSolution
		HideSolutionNode = FALSE
	EndGlobalSection
	GlobalSection(ExtensibilityGlobals) = postSolution
		SolutionGuid = {D059316D-D052-4CC1-A604-61968CFBCB93}
	EndGlobalSection
EndGlobal
